
Microsoft Visual Studio Solution File, Format Version 12.00
Project("{FAE04EC0-301F-11D3-BF4B-00C04F79EFBC}") = "FluentHttpRequestBuilderLibrary", "FluentHttpRequestBuilderLibrary\FluentHttpRequestBuilderLibrary.csproj", "{DCE5EDB6-BDFF-43A9-ACA8-6DDE4F0C8687}"
EndProject
Project("{FAE04EC0-301F-11D3-BF4B-00C04F79EFBC}") = "FluentHttpRequestBuilderLibraryTests", "FluentHttpRequestBuilderLibraryTests\FluentHttpRequestBuilderLibraryTests.csproj", "{5AB8E9D2-5038-45A4-957B-C3A8A97BE371}"
EndProject
Global
	GlobalSection(SolutionConfigurationPlatforms) = preSolution
		Debug|Any CPU = Debug|Any CPU
		Release|Any CPU = Release|Any CPU
	EndGlobalSection
	GlobalSection(ProjectConfigurationPlatforms) = postSolution
		{DCE5EDB6-BDFF-43A9-ACA8-6DDE4F0C8687}.Debug|Any CPU.ActiveCfg = Debug|Any CPU
		{DCE5EDB6-BDFF-43A9-ACA8-6DDE4F0C8687}.Debug|Any CPU.Build.0 = Debug|Any CPU
		{DCE5EDB6-BDFF-43A9-ACA8-6DDE4F0C8687}.Release|Any CPU.ActiveCfg = Release|Any CPU
		{DCE5EDB6-BDFF-43A9-ACA8-6DDE4F0C8687}.Release|Any CPU.Build.0 = Release|Any CPU
		{5AB8E9D2-5038-45A4-957B-C3A8A97BE371}.Debug|Any CPU.ActiveCfg = Debug|Any CPU
		{5AB8E9D2-5038-45A4-957B-C3A8A97BE371}.Debug|Any CPU.Build.0 = Debug|Any CPU
		{5AB8E9D2-5038-45A4-957B-C3A8A97BE371}.Release|Any CPU.ActiveCfg = Release|Any CPU
		{5AB8E9D2-5038-45A4-957B-C3A8A97BE371}.Release|Any CPU.Build.0 = Release|Any CPU
	EndGlobalSection
EndGlobal
